// !$*UTF8*$!
{
	archiveVersion = 1;
	classes = {
	};
	objectVersion = 48;
	objects = {

/* Begin PBXBuildFile section */
		76151EC91FBBFA8400626548 /* couchbase_extension.cc in Sources */ = {isa = PBXBuildFile; fileRef = 76151EC81FBBFA1C00626548 /* couchbase_extension.cc */; };
		76BE9BDF1FBD687200D79B9C /* libevent_openssl.a in Frameworks */ = {isa = PBXBuildFile; fileRef = 76BE9BDA1FBD687200D79B9C /* libevent_openssl.a */; };
		76BE9BE01FBD687200D79B9C /* libevent_core.a in Frameworks */ = {isa = PBXBuildFile; fileRef = 76BE9BDB1FBD687200D79B9C /* libevent_core.a */; };
		76BE9BE11FBD687200D79B9C /* libevent.a in Frameworks */ = {isa = PBXBuildFile; fileRef = 76BE9BDC1FBD687200D79B9C /* libevent.a */; };
		76BE9BE21FBD687200D79B9C /* libevent_extra.a in Frameworks */ = {isa = PBXBuildFile; fileRef = 76BE9BDD1FBD687200D79B9C /* libevent_extra.a */; };
		76BE9BE31FBD687200D79B9C /* libevent_pthreads.a in Frameworks */ = {isa = PBXBuildFile; fileRef = 76BE9BDE1FBD687200D79B9C /* libevent_pthreads.a */; };
		76BE9BEA1FBD72B500D79B9C /* libcouchbase_libevent.dylib in Frameworks */ = {isa = PBXBuildFile; fileRef = 76BE9BE71FBD71AE00D79B9C /* libcouchbase_libevent.dylib */; };
		76BE9BED1FBD72B500D79B9C /* libcouchbaseS.a in Frameworks */ = {isa = PBXBuildFile; fileRef = 76BE9BE51FBD71AE00D79B9C /* libcouchbaseS.a */; };
		76BE9BEE1FBD72B500D79B9C /* libcouchbase.2.dylib in Frameworks */ = {isa = PBXBuildFile; fileRef = 76BE9BE41FBD71AE00D79B9C /* libcouchbase.2.dylib */; };
		76BE9BEF1FBD72B500D79B9C /* libcouchbase.dylib in Frameworks */ = {isa = PBXBuildFile; fileRef = 76BE9BE61FBD71AE00D79B9C /* libcouchbase.dylib */; };
/* End PBXBuildFile section */

/* Begin PBXFileReference section */
		76151EC11FBBF99A00626548 /* libcouchbase_extension.dylib */ = {isa = PBXFileReference; explicitFileType = "compiled.mach-o.dylib"; includeInIndex = 0; path = libcouchbase_extension.dylib; sourceTree = BUILT_PRODUCTS_DIR; };
		76151EC81FBBFA1C00626548 /* couchbase_extension.cc */ = {isa = PBXFileReference; lastKnownFileType = sourcecode.cpp.cpp; name = couchbase_extension.cc; path = ../couchbase_extension.cc; sourceTree = "<group>"; };
		76BE9BDA1FBD687200D79B9C /* libevent_openssl.a */ = {isa = PBXFileReference; lastKnownFileType = archive.ar; name = libevent_openssl.a; path = ../../../../../../../../usr/local/lib/libevent_openssl.a; sourceTree = "<group>"; };
		76BE9BDB1FBD687200D79B9C /* libevent_core.a */ = {isa = PBXFileReference; lastKnownFileType = archive.ar; name = libevent_core.a; path = ../../../../../../../../usr/local/lib/libevent_core.a; sourceTree = "<group>"; };
		76BE9BDC1FBD687200D79B9C /* libevent.a */ = {isa = PBXFileReference; lastKnownFileType = archive.ar; name = libevent.a; path = ../../../../../../../../usr/local/lib/libevent.a; sourceTree = "<group>"; };
		76BE9BDD1FBD687200D79B9C /* libevent_extra.a */ = {isa = PBXFileReference; lastKnownFileType = archive.ar; name = libevent_extra.a; path = ../../../../../../../../usr/local/lib/libevent_extra.a; sourceTree = "<group>"; };
		76BE9BDE1FBD687200D79B9C /* libevent_pthreads.a */ = {isa = PBXFileReference; lastKnownFileType = archive.ar; name = libevent_pthreads.a; path = ../../../../../../../../usr/local/lib/libevent_pthreads.a; sourceTree = "<group>"; };
		76BE9BE41FBD71AE00D79B9C /* libcouchbase.2.dylib */ = {isa = PBXFileReference; lastKnownFileType = "compiled.mach-o.dylib"; name = libcouchbase.2.dylib; path = ../../build/libcouchbase/build/lib/libcouchbase.2.dylib; sourceTree = "<group>"; };
		76BE9BE51FBD71AE00D79B9C /* libcouchbaseS.a */ = {isa = PBXFileReference; lastKnownFileType = archive.ar; name = libcouchbaseS.a; path = ../../build/libcouchbase/build/lib/libcouchbaseS.a; sourceTree = "<group>"; };
		76BE9BE61FBD71AE00D79B9C /* libcouchbase.dylib */ = {isa = PBXFileReference; lastKnownFileType = "compiled.mach-o.dylib"; name = libcouchbase.dylib; path = ../../build/libcouchbase/build/lib/libcouchbase.dylib; sourceTree = "<group>"; };
		76BE9BE71FBD71AE00D79B9C /* libcouchbase_libevent.dylib */ = {isa = PBXFileReference; lastKnownFileType = "compiled.mach-o.dylib"; name = libcouchbase_libevent.dylib; path = ../../build/libcouchbase/build/lib/libcouchbase_libevent.dylib; sourceTree = "<group>"; };
		76BE9BF01FBD72B500D79B9C /* libcouchbase_libuv.dylib */ = {isa = PBXFileReference; lastKnownFileType = "compiled.mach-o.dylib"; name = libcouchbase_libuv.dylib; path = ../../build/libcouchbase/build/lib/libcouchbase_libuv.dylib; sourceTree = "<group>"; };
/* End PBXFileReference section */

/* Begin PBXFrameworksBuildPhase section */
		76151EBE1FBBF99A00626548 /* Frameworks */ = {
			isa = PBXFrameworksBuildPhase;
			buildActionMask = 2147483647;
			files = (
				76BE9BEA1FBD72B500D79B9C /* libcouchbase_libevent.dylib in Frameworks */,
				76BE9BED1FBD72B500D79B9C /* libcouchbaseS.a in Frameworks */,
				76BE9BEE1FBD72B500D79B9C /* libcouchbase.2.dylib in Frameworks */,
				76BE9BEF1FBD72B500D79B9C /* libcouchbase.dylib in Frameworks */,
				76BE9BDF1FBD687200D79B9C /* libevent_openssl.a in Frameworks */,
				76BE9BE01FBD687200D79B9C /* libevent_core.a in Frameworks */,
				76BE9BE11FBD687200D79B9C /* libevent.a in Frameworks */,
				76BE9BE21FBD687200D79B9C /* libevent_extra.a in Frameworks */,
				76BE9BE31FBD687200D79B9C /* libevent_pthreads.a in Frameworks */,
			);
			runOnlyForDeploymentPostprocessing = 0;
		};
/* End PBXFrameworksBuildPhase section */

/* Begin PBXGroup section */
		76151EB81FBBF99A00626548 = {
			isa = PBXGroup;
			children = (
				76151EC21FBBF99A00626548 /* Products */,
				76151EC81FBBFA1C00626548 /* couchbase_extension.cc */,
				76BE9BD91FBD687200D79B9C /* Frameworks */,
			);
			sourceTree = "<group>";
		};
		76151EC21FBBF99A00626548 /* Products */ = {
			isa = PBXGroup;
			children = (
				76151EC11FBBF99A00626548 /* libcouchbase_extension.dylib */,
			);
			name = Products;
			sourceTree = "<group>";
		};
		76BE9BD91FBD687200D79B9C /* Frameworks */ = {
			isa = PBXGroup;
			children = (
				76BE9BF01FBD72B500D79B9C /* libcouchbase_libuv.dylib */,
				76BE9BDB1FBD687200D79B9C /* libevent_core.a */,
				76BE9BDD1FBD687200D79B9C /* libevent_extra.a */,
				76BE9BDA1FBD687200D79B9C /* libevent_openssl.a */,
				76BE9BDE1FBD687200D79B9C /* libevent_pthreads.a */,
				76BE9BDC1FBD687200D79B9C /* libevent.a */,
				76BE9BE71FBD71AE00D79B9C /* libcouchbase_libevent.dylib */,
				76BE9BE41FBD71AE00D79B9C /* libcouchbase.2.dylib */,
				76BE9BE61FBD71AE00D79B9C /* libcouchbase.dylib */,
				76BE9BE51FBD71AE00D79B9C /* libcouchbaseS.a */,
			);
			name = Frameworks;
			sourceTree = "<group>";
		};
/* End PBXGroup section */

/* Begin PBXHeadersBuildPhase section */
		76151EBF1FBBF99A00626548 /* Headers */ = {
			isa = PBXHeadersBuildPhase;
			buildActionMask = 2147483647;
			files = (
			);
			runOnlyForDeploymentPostprocessing = 0;
		};
/* End PBXHeadersBuildPhase section */

/* Begin PBXNativeTarget section */
		76151EC01FBBF99A00626548 /* couchbase_extension */ = {
			isa = PBXNativeTarget;
			buildConfigurationList = 76151EC51FBBF99A00626548 /* Build configuration list for PBXNativeTarget "couchbase_extension" */;
			buildPhases = (
				76151EBD1FBBF99A00626548 /* Sources */,
				76151EBE1FBBF99A00626548 /* Frameworks */,
				76151EBF1FBBF99A00626548 /* Headers */,
			);
			buildRules = (
			);
			dependencies = (
			);
			name = couchbase_extension;
			productName = couchbase_extension;
			productReference = 76151EC11FBBF99A00626548 /* libcouchbase_extension.dylib */;
			productType = "com.apple.product-type.library.dynamic";
		};
/* End PBXNativeTarget section */

/* Begin PBXProject section */
		76151EB91FBBF99A00626548 /* Project object */ = {
			isa = PBXProject;
			attributes = {
				LastUpgradeCheck = 0900;
				ORGANIZATIONNAME = "Benjamin Thong";
				TargetAttributes = {
					76151EC01FBBF99A00626548 = {
						CreatedOnToolsVersion = 9.0;
						ProvisioningStyle = Automatic;
					};
				};
			};
			buildConfigurationList = 76151EBC1FBBF99A00626548 /* Build configuration list for PBXProject "couchbase_extension" */;
			compatibilityVersion = "Xcode 8.0";
			developmentRegion = en;
			hasScannedForEncodings = 0;
			knownRegions = (
				en,
			);
			mainGroup = 76151EB81FBBF99A00626548;
			productRefGroup = 76151EC21FBBF99A00626548 /* Products */;
			projectDirPath = "";
			projectRoot = "";
			targets = (
				76151EC01FBBF99A00626548 /* couchbase_extension */,
			);
		};
/* End PBXProject section */

/* Begin PBXSourcesBuildPhase section */
		76151EBD1FBBF99A00626548 /* Sources */ = {
			isa = PBXSourcesBuildPhase;
			buildActionMask = 2147483647;
			files = (
				76151EC91FBBFA8400626548 /* couchbase_extension.cc in Sources */,
			);
			runOnlyForDeploymentPostprocessing = 0;
		};
/* End PBXSourcesBuildPhase section */

/* Begin XCBuildConfiguration section */
		76151EC31FBBF99A00626548 /* Debug */ = {
			isa = XCBuildConfiguration;
			buildSettings = {
				ALWAYS_SEARCH_USER_PATHS = NO;
				CLANG_ANALYZER_NONNULL = YES;
				CLANG_ANALYZER_NUMBER_OBJECT_CONVERSION = YES_AGGRESSIVE;
				CLANG_CXX_LANGUAGE_STANDARD = "gnu++14";
				CLANG_CXX_LIBRARY = "libc++";
				CLANG_ENABLE_MODULES = YES;
				CLANG_ENABLE_OBJC_ARC = YES;
				CLANG_WARN_BLOCK_CAPTURE_AUTORELEASING = YES;
				CLANG_WARN_BOOL_CONVERSION = YES;
				CLANG_WARN_COMMA = YES;
				CLANG_WARN_CONSTANT_CONVERSION = YES;
				CLANG_WARN_DIRECT_OBJC_ISA_USAGE = YES_ERROR;
				CLANG_WARN_DOCUMENTATION_COMMENTS = YES;
				CLANG_WARN_EMPTY_BODY = YES;
				CLANG_WARN_ENUM_CONVERSION = YES;
				CLANG_WARN_INFINITE_RECURSION = YES;
				CLANG_WARN_INT_CONVERSION = YES;
				CLANG_WARN_NON_LITERAL_NULL_CONVERSION = YES;
				CLANG_WARN_OBJC_LITERAL_CONVERSION = YES;
				CLANG_WARN_OBJC_ROOT_CLASS = YES_ERROR;
				CLANG_WARN_RANGE_LOOP_ANALYSIS = YES;
				CLANG_WARN_STRICT_PROTOTYPES = YES;
				CLANG_WARN_SUSPICIOUS_MOVE = YES;
				CLANG_WARN_UNGUARDED_AVAILABILITY = YES_AGGRESSIVE;
				CLANG_WARN_UNREACHABLE_CODE = YES;
				CLANG_WARN__DUPLICATE_METHOD_MATCH = YES;
				CODE_SIGN_IDENTITY = "-";
				COPY_PHASE_STRIP = NO;
				DEBUG_INFORMATION_FORMAT = dwarf;
				ENABLE_STRICT_OBJC_MSGSEND = YES;
				ENABLE_TESTABILITY = YES;
				GCC_C_LANGUAGE_STANDARD = gnu11;
				GCC_DYNAMIC_NO_PIC = NO;
				GCC_NO_COMMON_BLOCKS = YES;
				GCC_OPTIMIZATION_LEVEL = 0;
				GCC_PREPROCESSOR_DEFINITIONS = (
					"DEBUG=1",
					"$(inherited)",
				);
				GCC_WARN_64_TO_32_BIT_CONVERSION = YES;
				GCC_WARN_ABOUT_RETURN_TYPE = YES_ERROR;
				GCC_WARN_UNDECLARED_SELECTOR = YES;
				GCC_WARN_UNINITIALIZED_AUTOS = YES_AGGRESSIVE;
				GCC_WARN_UNUSED_FUNCTION = YES;
				GCC_WARN_UNUSED_VARIABLE = YES;
				MACOSX_DEPLOYMENT_TARGET = 10.12;
				MTL_ENABLE_DEBUG_INFO = YES;
				ONLY_ACTIVE_ARCH = YES;
				SDKROOT = macosx;
			};
			name = Debug;
		};
		76151EC41FBBF99A00626548 /* Release */ = {
			isa = XCBuildConfiguration;
			buildSettings = {
				ALWAYS_SEARCH_USER_PATHS = NO;
				CLANG_ANALYZER_NONNULL = YES;
				CLANG_ANALYZER_NUMBER_OBJECT_CONVERSION = YES_AGGRESSIVE;
				CLANG_CXX_LANGUAGE_STANDARD = "gnu++14";
				CLANG_CXX_LIBRARY = "libc++";
				CLANG_ENABLE_MODULES = YES;
				CLANG_ENABLE_OBJC_ARC = YES;
				CLANG_WARN_BLOCK_CAPTURE_AUTORELEASING = YES;
				CLANG_WARN_BOOL_CONVERSION = YES;
				CLANG_WARN_COMMA = YES;
				CLANG_WARN_CONSTANT_CONVERSION = YES;
				CLANG_WARN_DIRECT_OBJC_ISA_USAGE = YES_ERROR;
				CLANG_WARN_DOCUMENTATION_COMMENTS = YES;
				CLANG_WARN_EMPTY_BODY = YES;
				CLANG_WARN_ENUM_CONVERSION = YES;
				CLANG_WARN_INFINITE_RECURSION = YES;
				CLANG_WARN_INT_CONVERSION = YES;
				CLANG_WARN_NON_LITERAL_NULL_CONVERSION = YES;
				CLANG_WARN_OBJC_LITERAL_CONVERSION = YES;
				CLANG_WARN_OBJC_ROOT_CLASS = YES_ERROR;
				CLANG_WARN_RANGE_LOOP_ANALYSIS = YES;
				CLANG_WARN_STRICT_PROTOTYPES = YES;
				CLANG_WARN_SUSPICIOUS_MOVE = YES;
				CLANG_WARN_UNGUARDED_AVAILABILITY = YES_AGGRESSIVE;
				CLANG_WARN_UNREACHABLE_CODE = YES;
				CLANG_WARN__DUPLICATE_METHOD_MATCH = YES;
				CODE_SIGN_IDENTITY = "-";
				COPY_PHASE_STRIP = NO;
				DEBUG_INFORMATION_FORMAT = "dwarf-with-dsym";
				ENABLE_NS_ASSERTIONS = NO;
				ENABLE_STRICT_OBJC_MSGSEND = YES;
				GCC_C_LANGUAGE_STANDARD = gnu11;
				GCC_NO_COMMON_BLOCKS = YES;
				GCC_WARN_64_TO_32_BIT_CONVERSION = YES;
				GCC_WARN_ABOUT_RETURN_TYPE = YES_ERROR;
				GCC_WARN_UNDECLARED_SELECTOR = YES;
				GCC_WARN_UNINITIALIZED_AUTOS = YES_AGGRESSIVE;
				GCC_WARN_UNUSED_FUNCTION = YES;
				GCC_WARN_UNUSED_VARIABLE = YES;
				MACOSX_DEPLOYMENT_TARGET = 10.12;
				MTL_ENABLE_DEBUG_INFO = NO;
				SDKROOT = macosx;
			};
			name = Release;
		};
		76151EC61FBBF99A00626548 /* Debug */ = {
			isa = XCBuildConfiguration;
			buildSettings = {
				CODE_SIGN_STYLE = Automatic;
				DYLIB_COMPATIBILITY_VERSION = 1;
				DYLIB_CURRENT_VERSION = 1;
				EXECUTABLE_PREFIX = lib;
				GCC_PREPROCESSOR_DEFINITIONS = (
					"DEBUG=1",
					"$(inherited)",
					"DART_SHARED_LIB=1",
				);
				HEADER_SEARCH_PATHS = (
					"/Users/javed.bilal/Documents/Bitbucket/flutter/bin/cache/dart-sdk",
					"/Users/javed.bilal/Documents/Bitbucket/dart-couchbase/tool/build/libcouchbase/include",
					/usr/local/include,
				);
				LIBRARY_SEARCH_PATHS = (
					"/Users/javed.bilal/Documents/Bitbucket/dart-couchbase/tool/build/libcouchbase/build/lib",
					/usr/local/lib,
				);
				OTHER_LDFLAGS = (
					"-undefined",
					dynamic_lookup,
				);
				PRODUCT_NAME = "$(TARGET_NAME)";
			};
			name = Debug;
		};
		76151EC71FBBF99A00626548 /* Release */ = {
			isa = XCBuildConfiguration;
			buildSettings = {
				CODE_SIGN_STYLE = Automatic;
				DYLIB_COMPATIBILITY_VERSION = 1;
				DYLIB_CURRENT_VERSION = 1;
				EXECUTABLE_PREFIX = lib;
				GCC_PREPROCESSOR_DEFINITIONS = "DART_SHARED_LIB=1";
				HEADER_SEARCH_PATHS = (
					"/Users/javed.bilal/Documents/Bitbucket/flutter/bin/cache/dart-sdk",
					"/Users/javed.bilal/Documents/Bitbucket/dart-couchbase/tool/build/libcouchbase/include",
					/usr/local/include,
				);
				LIBRARY_SEARCH_PATHS = (
					"/Users/javed.bilal/Documents/Bitbucket/dart-couchbase/tool/build/libcouchbase/build/lib",
					/usr/local/lib,
				);
				OTHER_LDFLAGS = (
					"-undefined",
					dynamic_lookup,
				);
				PRODUCT_NAME = "$(TARGET_NAME)";
			};
			name = Release;
		};
/* End XCBuildConfiguration section */

/* Begin XCConfigurationList section */
		76151EBC1FBBF99A00626548 /* Build configuration list for PBXProject "couchbase_extension" */ = {
			isa = XCConfigurationList;
			buildConfigurations = (
				76151EC31FBBF99A00626548 /* Debug */,
				76151EC41FBBF99A00626548 /* Release */,
			);
			defaultConfigurationIsVisible = 0;
			defaultConfigurationName = Release;
		};
		76151EC51FBBF99A00626548 /* Build configuration list for PBXNativeTarget "couchbase_extension" */ = {
			isa = XCConfigurationList;
			buildConfigurations = (
				76151EC61FBBF99A00626548 /* Debug */,
				76151EC71FBBF99A00626548 /* Release */,
			);
			defaultConfigurationIsVisible = 0;
			defaultConfigurationName = Release;
		};
/* End XCConfigurationList section */
	};
	rootObject = 76151EB91FBBF99A00626548 /* Project object */;
}
